
Microsoft Visual Studio Solution File, Format Version 12.00
# Visual Studio 15
VisualStudioVersion = 15.0.28307.1433
MinimumVisualStudioVersion = 10.0.40219.1
Project("{8BC9CEB8-8B4A-11D0-8D11-00A0C91BC942}") = "forest_evolution", "forest_evolution\forest_evolution.vcxproj", "{6D504B2B-85D5-42A1-A09B-6D86CE452A55}"
EndProject
Project("{8BC9CEB8-8B4A-11D0-8D11-00A0C91BC942}") = "blood_log", "blood_blog\blood_blog.vcxproj", "{AC683650-C0B4-4458-8018-8F8E86714725}"
EndProject
Global
	GlobalSection(SolutionConfigurationPlatforms) = preSolution
		Debug|x64 = Debug|x64
		Debug|x86 = Debug|x86
		Release|x64 = Release|x64
		Release|x86 = Release|x86
	EndGlobalSection
	GlobalSection(ProjectConfigurationPlatforms) = postSolution
		{6D504B2B-85D5-42A1-A09B-6D86CE452A55}.Debug|x64.ActiveCfg = Debug|x64
		{6D504B2B-85D5-42A1-A09B-6D86CE452A55}.Debug|x64.Build.0 = Debug|x64
		{6D504B2B-85D5-42A1-A09B-6D86CE452A55}.Debug|x86.ActiveCfg = Debug|Win32
		{6D504B2B-85D5-42A1-A09B-6D86CE452A55}.Debug|x86.Build.0 = Debug|Win32
		{6D504B2B-85D5-42A1-A09B-6D86CE452A55}.Release|x64.ActiveCfg = Release|x64
		{6D504B2B-85D5-42A1-A09B-6D86CE452A55}.Release|x64.Build.0 = Release|x64
		{6D504B2B-85D5-42A1-A09B-6D86CE452A55}.Release|x86.ActiveCfg = Release|Win32
		{6D504B2B-85D5-42A1-A09B-6D86CE452A55}.Release|x86.Build.0 = Release|Win32
		{AC683650-C0B4-4458-8018-8F8E86714725}.Debug|x64.ActiveCfg = Debug|x64
		{AC683650-C0B4-4458-8018-8F8E86714725}.Debug|x64.Build.0 = Debug|x64
		{AC683650-C0B4-4458-8018-8F8E86714725}.Debug|x86.ActiveCfg = Debug|Win32
		{AC683650-C0B4-4458-8018-8F8E86714725}.Debug|x86.Build.0 = Debug|Win32
		{AC683650-C0B4-4458-8018-8F8E86714725}.Release|x64.ActiveCfg = Release|x64
		{AC683650-C0B4-4458-8018-8F8E86714725}.Release|x64.Build.0 = Release|x64
		{AC683650-C0B4-4458-8018-8F8E86714725}.Release|x86.ActiveCfg = Release|Win32
		{AC683650-C0B4-4458-8018-8F8E86714725}.Release|x86.Build.0 = Release|Win32
	EndGlobalSection
	GlobalSection(SolutionProperties) = preSolution
		HideSolutionNode = FALSE
	EndGlobalSection
	GlobalSection(ExtensibilityGlobals) = postSolution
		SolutionGuid = {F30585CE-D787-4C09-8DBC-6AAA367E25DB}
	EndGlobalSection
EndGlobal
